// !$*UTF8*$!
{
	archiveVersion = 1;
	classes = {
	};
	objectVersion = 50;
	objects = {

/* Begin PBXBuildFile section */
		277CE8F726CDAC1200DD6CDD /* TicTacToe.swift in Sources */ = {isa = PBXBuildFile; fileRef = 277CE8F626CDAC1200DD6CDD /* TicTacToe.swift */; };
		FC1C26BB26CD79A5000E1651 /* AppDelegate.swift in Sources */ = {isa = PBXBuildFile; fileRef = FC1C26BA26CD79A5000E1651 /* AppDelegate.swift */; };
		FC1C26BD26CD79A5000E1651 /* SceneDelegate.swift in Sources */ = {isa = PBXBuildFile; fileRef = FC1C26BC26CD79A5000E1651 /* SceneDelegate.swift */; };
		FC1C26BF26CD79A5000E1651 /* ViewController.swift in Sources */ = {isa = PBXBuildFile; fileRef = FC1C26BE26CD79A5000E1651 /* ViewController.swift */; };
		FC1C26C226CD79A5000E1651 /* Main.storyboard in Resources */ = {isa = PBXBuildFile; fileRef = FC1C26C026CD79A5000E1651 /* Main.storyboard */; };
		FC1C26C426CD79A7000E1651 /* Assets.xcassets in Resources */ = {isa = PBXBuildFile; fileRef = FC1C26C326CD79A7000E1651 /* Assets.xcassets */; };
		FC1C26C726CD79A7000E1651 /* LaunchScreen.storyboard in Resources */ = {isa = PBXBuildFile; fileRef = FC1C26C526CD79A7000E1651 /* LaunchScreen.storyboard */; };
/* End PBXBuildFile section */

/* Begin PBXFileReference section */
		277CE8F626CDAC1200DD6CDD /* TicTacToe.swift */ = {isa = PBXFileReference; lastKnownFileType = sourcecode.swift; path = TicTacToe.swift; sourceTree = "<group>"; };
		FC1C26B726CD79A5000E1651 /* TikTakToe.app */ = {isa = PBXFileReference; explicitFileType = wrapper.application; includeInIndex = 0; path = TikTakToe.app; sourceTree = BUILT_PRODUCTS_DIR; };
		FC1C26BA26CD79A5000E1651 /* AppDelegate.swift */ = {isa = PBXFileReference; lastKnownFileType = sourcecode.swift; path = AppDelegate.swift; sourceTree = "<group>"; };
		FC1C26BC26CD79A5000E1651 /* SceneDelegate.swift */ = {isa = PBXFileReference; lastKnownFileType = sourcecode.swift; path = SceneDelegate.swift; sourceTree = "<group>"; };
		FC1C26BE26CD79A5000E1651 /* ViewController.swift */ = {isa = PBXFileReference; lastKnownFileType = sourcecode.swift; path = ViewController.swift; sourceTree = "<group>"; };
		FC1C26C126CD79A5000E1651 /* Base */ = {isa = PBXFileReference; lastKnownFileType = file.storyboard; name = Base; path = Base.lproj/Main.storyboard; sourceTree = "<group>"; };
		FC1C26C326CD79A7000E1651 /* Assets.xcassets */ = {isa = PBXFileReference; lastKnownFileType = folder.assetcatalog; path = Assets.xcassets; sourceTree = "<group>"; };
		FC1C26C626CD79A7000E1651 /* Base */ = {isa = PBXFileReference; lastKnownFileType = file.storyboard; name = Base; path = Base.lproj/LaunchScreen.storyboard; sourceTree = "<group>"; };
		FC1C26C826CD79A7000E1651 /* Info.plist */ = {isa = PBXFileReference; lastKnownFileType = text.plist.xml; path = Info.plist; sourceTree = "<group>"; };
/* End PBXFileReference section */

/* Begin PBXFrameworksBuildPhase section */
		FC1C26B426CD79A5000E1651 /* Frameworks */ = {
			isa = PBXFrameworksBuildPhase;
			buildActionMask = 2147483647;
			files = (
			);
			runOnlyForDeploymentPostprocessing = 0;
		};
/* End PBXFrameworksBuildPhase section */

/* Begin PBXGroup section */
		277CE8EF26CDA8F100DD6CDD /* Resources */ = {
			isa = PBXGroup;
			children = (
				FC1C26BA26CD79A5000E1651 /* AppDelegate.swift */,
				FC1C26BC26CD79A5000E1651 /* SceneDelegate.swift */,
				FC1C26C326CD79A7000E1651 /* Assets.xcassets */,
				FC1C26C826CD79A7000E1651 /* Info.plist */,
			);
			path = Resources;
			sourceTree = "<group>";
		};
		277CE8F126CDA93300DD6CDD /* Controllers */ = {
			isa = PBXGroup;
			children = (
				277CE8F526CDAC0800DD6CDD /* Models */,
				277CE8F226CDA93B00DD6CDD /* ViewControllers */,
			);
			path = Controllers;
			sourceTree = "<group>";
		};
		277CE8F226CDA93B00DD6CDD /* ViewControllers */ = {
			isa = PBXGroup;
			children = (
				FC1C26BE26CD79A5000E1651 /* ViewController.swift */,
			);
			path = ViewControllers;
			sourceTree = "<group>";
		};
		277CE8F526CDAC0800DD6CDD /* Models */ = {
			isa = PBXGroup;
			children = (
				277CE8F626CDAC1200DD6CDD /* TicTacToe.swift */,
			);
			path = Models;
			sourceTree = "<group>";
		};
		FC1C26AE26CD79A5000E1651 = {
			isa = PBXGroup;
			children = (
				FC1C26B926CD79A5000E1651 /* TikTakToe */,
				FC1C26B826CD79A5000E1651 /* Products */,
			);
			sourceTree = "<group>";
		};
		FC1C26B826CD79A5000E1651 /* Products */ = {
			isa = PBXGroup;
			children = (
				FC1C26B726CD79A5000E1651 /* TikTakToe.app */,
			);
			name = Products;
			sourceTree = "<group>";
		};
		FC1C26B926CD79A5000E1651 /* TikTakToe */ = {
			isa = PBXGroup;
			children = (
				277CE8F126CDA93300DD6CDD /* Controllers */,
				277CE8EF26CDA8F100DD6CDD /* Resources */,
				FC1C26C026CD79A5000E1651 /* Main.storyboard */,
				FC1C26C526CD79A7000E1651 /* LaunchScreen.storyboard */,
			);
			path = TikTakToe;
			sourceTree = "<group>";
		};
/* End PBXGroup section */

/* Begin PBXNativeTarget section */
		FC1C26B626CD79A5000E1651 /* TikTakToe */ = {
			isa = PBXNativeTarget;
			buildConfigurationList = FC1C26CB26CD79A7000E1651 /* Build configuration list for PBXNativeTarget "TikTakToe" */;
			buildPhases = (
				FC1C26B326CD79A5000E1651 /* Sources */,
				FC1C26B426CD79A5000E1651 /* Frameworks */,
				FC1C26B526CD79A5000E1651 /* Resources */,
			);
			buildRules = (
			);
			dependencies = (
			);
			name = TikTakToe;
			productName = TikTakToe;
			productReference = FC1C26B726CD79A5000E1651 /* TikTakToe.app */;
			productType = "com.apple.product-type.application";
		};
/* End PBXNativeTarget section */

/* Begin PBXProject section */
		FC1C26AF26CD79A5000E1651 /* Project object */ = {
			isa = PBXProject;
			attributes = {
				LastSwiftUpdateCheck = 1250;
				LastUpgradeCheck = 1250;
				TargetAttributes = {
					FC1C26B626CD79A5000E1651 = {
						CreatedOnToolsVersion = 12.5.1;
					};
				};
			};
			buildConfigurationList = FC1C26B226CD79A5000E1651 /* Build configuration list for PBXProject "TikTakToe" */;
			compatibilityVersion = "Xcode 9.3";
			developmentRegion = en;
			hasScannedForEncodings = 0;
			knownRegions = (
				en,
				Base,
			);
			mainGroup = FC1C26AE26CD79A5000E1651;
			productRefGroup = FC1C26B826CD79A5000E1651 /* Products */;
			projectDirPath = "";
			projectRoot = "";
			targets = (
				FC1C26B626CD79A5000E1651 /* TikTakToe */,
			);
		};
/* End PBXProject section */

/* Begin PBXResourcesBuildPhase section */
		FC1C26B526CD79A5000E1651 /* Resources */ = {
			isa = PBXResourcesBuildPhase;
			buildActionMask = 2147483647;
			files = (
				FC1C26C726CD79A7000E1651 /* LaunchScreen.storyboard in Resources */,
				FC1C26C426CD79A7000E1651 /* Assets.xcassets in Resources */,
				FC1C26C226CD79A5000E1651 /* Main.storyboard in Resources */,
			);
			runOnlyForDeploymentPostprocessing = 0;
		};
/* End PBXResourcesBuildPhase section */

/* Begin PBXSourcesBuildPhase section */
		FC1C26B326CD79A5000E1651 /* Sources */ = {
			isa = PBXSourcesBuildPhase;
			buildActionMask = 2147483647;
			files = (
				FC1C26BF26CD79A5000E1651 /* ViewController.swift in Sources */,
				FC1C26BB26CD79A5000E1651 /* AppDelegate.swift in Sources */,
				277CE8F726CDAC1200DD6CDD /* TicTacToe.swift in Sources */,
				FC1C26BD26CD79A5000E1651 /* SceneDelegate.swift in Sources */,
			);
			runOnlyForDeploymentPostprocessing = 0;
		};
/* End PBXSourcesBuildPhase section */

/* Begin PBXVariantGroup section */
		FC1C26C026CD79A5000E1651 /* Main.storyboard */ = {
			isa = PBXVariantGroup;
			children = (
				FC1C26C126CD79A5000E1651 /* Base */,
			);
			name = Main.storyboard;
			sourceTree = "<group>";
		};
		FC1C26C526CD79A7000E1651 /* LaunchScreen.storyboard */ = {
			isa = PBXVariantGroup;
			children = (
				FC1C26C626CD79A7000E1651 /* Base */,
			);
			name = LaunchScreen.storyboard;
			sourceTree = "<group>";
		};
/* End PBXVariantGroup section */

/* Begin XCBuildConfiguration section */
		FC1C26C926CD79A7000E1651 /* Debug */ = {
			isa = XCBuildConfiguration;
			buildSettings = {
				ALWAYS_SEARCH_USER_PATHS = NO;
				CLANG_ANALYZER_NONNULL = YES;
				CLANG_ANALYZER_NUMBER_OBJECT_CONVERSION = YES_AGGRESSIVE;
				CLANG_CXX_LANGUAGE_STANDARD = "gnu++14";
				CLANG_CXX_LIBRARY = "libc++";
				CLANG_ENABLE_MODULES = YES;
				CLANG_ENABLE_OBJC_ARC = YES;
				CLANG_ENABLE_OBJC_WEAK = YES;
				CLANG_WARN_BLOCK_CAPTURE_AUTORELEASING = YES;
				CLANG_WARN_BOOL_CONVERSION = YES;
				CLANG_WARN_COMMA = YES;
				CLANG_WARN_CONSTANT_CONVERSION = YES;
				CLANG_WARN_DEPRECATED_OBJC_IMPLEMENTATIONS = YES;
				CLANG_WARN_DIRECT_OBJC_ISA_USAGE = YES_ERROR;
				CLANG_WARN_DOCUMENTATION_COMMENTS = YES;
				CLANG_WARN_EMPTY_BODY = YES;
				CLANG_WARN_ENUM_CONVERSION = YES;
				CLANG_WARN_INFINITE_RECURSION = YES;
				CLANG_WARN_INT_CONVERSION = YES;
				CLANG_WARN_NON_LITERAL_NULL_CONVERSION = YES;
				CLANG_WARN_OBJC_IMPLICIT_RETAIN_SELF = YES;
				CLANG_WARN_OBJC_LITERAL_CONVERSION = YES;
				CLANG_WARN_OBJC_ROOT_CLASS = YES_ERROR;
				CLANG_WARN_QUOTED_INCLUDE_IN_FRAMEWORK_HEADER = YES;
				CLANG_WARN_RANGE_LOOP_ANALYSIS = YES;
				CLANG_WARN_STRICT_PROTOTYPES = YES;
				CLANG_WARN_SUSPICIOUS_MOVE = YES;
				CLANG_WARN_UNGUARDED_AVAILABILITY = YES_AGGRESSIVE;
				CLANG_WARN_UNREACHABLE_CODE = YES;
				CLANG_WARN__DUPLICATE_METHOD_MATCH = YES;
				COPY_PHASE_STRIP = NO;
				DEBUG_INFORMATION_FORMAT = dwarf;
				ENABLE_STRICT_OBJC_MSGSEND = YES;
				ENABLE_TESTABILITY = YES;
				GCC_C_LANGUAGE_STANDARD = gnu11;
				GCC_DYNAMIC_NO_PIC = NO;
				GCC_NO_COMMON_BLOCKS = YES;
				GCC_OPTIMIZATION_LEVEL = 0;
				GCC_PREPROCESSOR_DEFINITIONS = (
					"DEBUG=1",
					"$(inherited)",
				);
				GCC_WARN_64_TO_32_BIT_CONVERSION = YES;
				GCC_WARN_ABOUT_RETURN_TYPE = YES_ERROR;
				GCC_WARN_UNDECLARED_SELECTOR = YES;
				GCC_WARN_UNINITIALIZED_AUTOS = YES_AGGRESSIVE;
				GCC_WARN_UNUSED_FUNCTION = YES;
				GCC_WARN_UNUSED_VARIABLE = YES;
				IPHONEOS_DEPLOYMENT_TARGET = 14.5;
				MTL_ENABLE_DEBUG_INFO = INCLUDE_SOURCE;
				MTL_FAST_MATH = YES;
				ONLY_ACTIVE_ARCH = YES;
				SDKROOT = iphoneos;
				SWIFT_ACTIVE_COMPILATION_CONDITIONS = DEBUG;
				SWIFT_OPTIMIZATION_LEVEL = "-Onone";
			};
			name = Debug;
		};
		FC1C26CA26CD79A7000E1651 /* Release */ = {
			isa = XCBuildConfiguration;
			buildSettings = {
				ALWAYS_SEARCH_USER_PATHS = NO;
				CLANG_ANALYZER_NONNULL = YES;
				CLANG_ANALYZER_NUMBER_OBJECT_CONVERSION = YES_AGGRESSIVE;
				CLANG_CXX_LANGUAGE_STANDARD = "gnu++14";
				CLANG_CXX_LIBRARY = "libc++";
				CLANG_ENABLE_MODULES = YES;
				CLANG_ENABLE_OBJC_ARC = YES;
				CLANG_ENABLE_OBJC_WEAK = YES;
				CLANG_WARN_BLOCK_CAPTURE_AUTORELEASING = YES;
				CLANG_WARN_BOOL_CONVERSION = YES;
				CLANG_WARN_COMMA = YES;
				CLANG_WARN_CONSTANT_CONVERSION = YES;
				CLANG_WARN_DEPRECATED_OBJC_IMPLEMENTATIONS = YES;
				CLANG_WARN_DIRECT_OBJC_ISA_USAGE = YES_ERROR;
				CLANG_WARN_DOCUMENTATION_COMMENTS = YES;
				CLANG_WARN_EMPTY_BODY = YES;
				CLANG_WARN_ENUM_CONVERSION = YES;
				CLANG_WARN_INFINITE_RECURSION = YES;
				CLANG_WARN_INT_CONVERSION = YES;
				CLANG_WARN_NON_LITERAL_NULL_CONVERSION = YES;
				CLANG_WARN_OBJC_IMPLICIT_RETAIN_SELF = YES;
				CLANG_WARN_OBJC_LITERAL_CONVERSION = YES;
				CLANG_WARN_OBJC_ROOT_CLASS = YES_ERROR;
				CLANG_WARN_QUOTED_INCLUDE_IN_FRAMEWORK_HEADER = YES;
				CLANG_WARN_RANGE_LOOP_ANALYSIS = YES;
				CLANG_WARN_STRICT_PROTOTYPES = YES;
				CLANG_WARN_SUSPICIOUS_MOVE = YES;
				CLANG_WARN_UNGUARDED_AVAILABILITY = YES_AGGRESSIVE;
				CLANG_WARN_UNREACHABLE_CODE = YES;
				CLANG_WARN__DUPLICATE_METHOD_MATCH = YES;
				COPY_PHASE_STRIP = NO;
				DEBUG_INFORMATION_FORMAT = "dwarf-with-dsym";
				ENABLE_NS_ASSERTIONS = NO;
				ENABLE_STRICT_OBJC_MSGSEND = YES;
				GCC_C_LANGUAGE_STANDARD = gnu11;
				GCC_NO_COMMON_BLOCKS = YES;
				GCC_WARN_64_TO_32_BIT_CONVERSION = YES;
				GCC_WARN_ABOUT_RETURN_TYPE = YES_ERROR;
				GCC_WARN_UNDECLARED_SELECTOR = YES;
				GCC_WARN_UNINITIALIZED_AUTOS = YES_AGGRESSIVE;
				GCC_WARN_UNUSED_FUNCTION = YES;
				GCC_WARN_UNUSED_VARIABLE = YES;
				IPHONEOS_DEPLOYMENT_TARGET = 14.5;
				MTL_ENABLE_DEBUG_INFO = NO;
				MTL_FAST_MATH = YES;
				SDKROOT = iphoneos;
				SWIFT_COMPILATION_MODE = wholemodule;
				SWIFT_OPTIMIZATION_LEVEL = "-O";
				VALIDATE_PRODUCT = YES;
			};
			name = Release;
		};
		FC1C26CC26CD79A7000E1651 /* Debug */ = {
			isa = XCBuildConfiguration;
			buildSettings = {
				ASSETCATALOG_COMPILER_APPICON_NAME = AppIcon;
				ASSETCATALOG_COMPILER_GLOBAL_ACCENT_COLOR_NAME = AccentColor;
				CODE_SIGN_STYLE = Automatic;
				DEVELOPMENT_TEAM = QDM5JWF95B;
				INFOPLIST_FILE = TikTakToe/Resources/Info.plist;
				LD_RUNPATH_SEARCH_PATHS = (
					"$(inherited)",
					"@executable_path/Frameworks",
				);
				PRODUCT_BUNDLE_IDENTIFIER = com.Mccraydev.TikTakToe;
				PRODUCT_NAME = "$(TARGET_NAME)";
				SWIFT_VERSION = 5.0;
				TARGETED_DEVICE_FAMILY = "1,2";
			};
			name = Debug;
		};
		FC1C26CD26CD79A7000E1651 /* Release */ = {
			isa = XCBuildConfiguration;
			buildSettings = {
				ASSETCATALOG_COMPILER_APPICON_NAME = AppIcon;
				ASSETCATALOG_COMPILER_GLOBAL_ACCENT_COLOR_NAME = AccentColor;
				CODE_SIGN_STYLE = Automatic;
				DEVELOPMENT_TEAM = QDM5JWF95B;
				INFOPLIST_FILE = TikTakToe/Resources/Info.plist;
				LD_RUNPATH_SEARCH_PATHS = (
					"$(inherited)",
					"@executable_path/Frameworks",
				);
				PRODUCT_BUNDLE_IDENTIFIER = com.Mccraydev.TikTakToe;
				PRODUCT_NAME = "$(TARGET_NAME)";
				SWIFT_VERSION = 5.0;
				TARGETED_DEVICE_FAMILY = "1,2";
			};
			name = Release;
		};
/* End XCBuildConfiguration section */

/* Begin XCConfigurationList section */
		FC1C26B226CD79A5000E1651 /* Build configuration list for PBXProject "TikTakToe" */ = {
			isa = XCConfigurationList;
			buildConfigurations = (
				FC1C26C926CD79A7000E1651 /* Debug */,
				FC1C26CA26CD79A7000E1651 /* Release */,
			);
			defaultConfigurationIsVisible = 0;
			defaultConfigurationName = Release;
		};
		FC1C26CB26CD79A7000E1651 /* Build configuration list for PBXNativeTarget "TikTakToe" */ = {
			isa = XCConfigurationList;
			buildConfigurations = (
				FC1C26CC26CD79A7000E1651 /* Debug */,
				FC1C26CD26CD79A7000E1651 /* Release */,
			);
			defaultConfigurationIsVisible = 0;
			defaultConfigurationName = Release;
		};
/* End XCConfigurationList section */
	};
	rootObject = FC1C26AF26CD79A5000E1651 /* Project object */;
}
